// !$*UTF8*$!
{
	archiveVersion = 1;
	classes = {
	};
	objectVersion = 55;
	objects = {

/* Begin PBXBuildFile section */
		E886AE7828845A7A00DF838B /* AppDelegate.swift in Sources */ = {isa = PBXBuildFile; fileRef = E886AE7728845A7A00DF838B /* AppDelegate.swift */; };
		E886AE7A28845A7A00DF838B /* SceneDelegate.swift in Sources */ = {isa = PBXBuildFile; fileRef = E886AE7928845A7A00DF838B /* SceneDelegate.swift */; };
		E886AE7C28845A7A00DF838B /* MainViewController.swift in Sources */ = {isa = PBXBuildFile; fileRef = E886AE7B28845A7A00DF838B /* MainViewController.swift */; };
		E886AE7F28845A7A00DF838B /* Main.storyboard in Resources */ = {isa = PBXBuildFile; fileRef = E886AE7D28845A7A00DF838B /* Main.storyboard */; };
		E886AE8128845A7C00DF838B /* Assets.xcassets in Resources */ = {isa = PBXBuildFile; fileRef = E886AE8028845A7C00DF838B /* Assets.xcassets */; };
		E886AE8428845A7C00DF838B /* LaunchScreen.storyboard in Resources */ = {isa = PBXBuildFile; fileRef = E886AE8228845A7C00DF838B /* LaunchScreen.storyboard */; };
		E886AE8C2884696800DF838B /* BaseViewController.swift in Sources */ = {isa = PBXBuildFile; fileRef = E886AE8B2884696800DF838B /* BaseViewController.swift */; };
		E886AE8E28846B6B00DF838B /* NSLayoutConstrainViewController.swift in Sources */ = {isa = PBXBuildFile; fileRef = E886AE8D28846B6B00DF838B /* NSLayoutConstrainViewController.swift */; };
		E886AE9028847A3A00DF838B /* NSLayoutAnchorViewController.swift in Sources */ = {isa = PBXBuildFile; fileRef = E886AE8F28847A3A00DF838B /* NSLayoutAnchorViewController.swift */; };
/* End PBXBuildFile section */

/* Begin PBXFileReference section */
		E886AE7428845A7A00DF838B /* TSD_AutoLayout HW.app */ = {isa = PBXFileReference; explicitFileType = wrapper.application; includeInIndex = 0; path = "TSD_AutoLayout HW.app"; sourceTree = BUILT_PRODUCTS_DIR; };
		E886AE7728845A7A00DF838B /* AppDelegate.swift */ = {isa = PBXFileReference; lastKnownFileType = sourcecode.swift; path = AppDelegate.swift; sourceTree = "<group>"; };
		E886AE7928845A7A00DF838B /* SceneDelegate.swift */ = {isa = PBXFileReference; lastKnownFileType = sourcecode.swift; path = SceneDelegate.swift; sourceTree = "<group>"; };
		E886AE7B28845A7A00DF838B /* MainViewController.swift */ = {isa = PBXFileReference; lastKnownFileType = sourcecode.swift; path = MainViewController.swift; sourceTree = "<group>"; };
		E886AE7E28845A7A00DF838B /* Base */ = {isa = PBXFileReference; lastKnownFileType = file.storyboard; name = Base; path = Base.lproj/Main.storyboard; sourceTree = "<group>"; };
		E886AE8028845A7C00DF838B /* Assets.xcassets */ = {isa = PBXFileReference; lastKnownFileType = folder.assetcatalog; path = Assets.xcassets; sourceTree = "<group>"; };
		E886AE8328845A7C00DF838B /* Base */ = {isa = PBXFileReference; lastKnownFileType = file.storyboard; name = Base; path = Base.lproj/LaunchScreen.storyboard; sourceTree = "<group>"; };
		E886AE8528845A7C00DF838B /* Info.plist */ = {isa = PBXFileReference; lastKnownFileType = text.plist.xml; path = Info.plist; sourceTree = "<group>"; };
		E886AE8B2884696800DF838B /* BaseViewController.swift */ = {isa = PBXFileReference; lastKnownFileType = sourcecode.swift; path = BaseViewController.swift; sourceTree = "<group>"; };
		E886AE8D28846B6B00DF838B /* NSLayoutConstrainViewController.swift */ = {isa = PBXFileReference; lastKnownFileType = sourcecode.swift; path = NSLayoutConstrainViewController.swift; sourceTree = "<group>"; };
		E886AE8F28847A3A00DF838B /* NSLayoutAnchorViewController.swift */ = {isa = PBXFileReference; lastKnownFileType = sourcecode.swift; path = NSLayoutAnchorViewController.swift; sourceTree = "<group>"; };
/* End PBXFileReference section */

/* Begin PBXFrameworksBuildPhase section */
		E886AE7128845A7A00DF838B /* Frameworks */ = {
			isa = PBXFrameworksBuildPhase;
			buildActionMask = 2147483647;
			files = (
			);
			runOnlyForDeploymentPostprocessing = 0;
		};
/* End PBXFrameworksBuildPhase section */

/* Begin PBXGroup section */
		E886AE6B28845A7A00DF838B = {
			isa = PBXGroup;
			children = (
				E886AE7628845A7A00DF838B /* TSD_AutoLayout HW */,
				E886AE7528845A7A00DF838B /* Products */,
			);
			sourceTree = "<group>";
		};
		E886AE7528845A7A00DF838B /* Products */ = {
			isa = PBXGroup;
			children = (
				E886AE7428845A7A00DF838B /* TSD_AutoLayout HW.app */,
			);
			name = Products;
			sourceTree = "<group>";
		};
		E886AE7628845A7A00DF838B /* TSD_AutoLayout HW */ = {
			isa = PBXGroup;
			children = (
				E886AE7728845A7A00DF838B /* AppDelegate.swift */,
				E886AE7928845A7A00DF838B /* SceneDelegate.swift */,
				E886AE7B28845A7A00DF838B /* MainViewController.swift */,
				E886AE8B2884696800DF838B /* BaseViewController.swift */,
				E886AE8D28846B6B00DF838B /* NSLayoutConstrainViewController.swift */,
				E886AE8F28847A3A00DF838B /* NSLayoutAnchorViewController.swift */,
				E886AE7D28845A7A00DF838B /* Main.storyboard */,
				E886AE8028845A7C00DF838B /* Assets.xcassets */,
				E886AE8228845A7C00DF838B /* LaunchScreen.storyboard */,
				E886AE8528845A7C00DF838B /* Info.plist */,
			);
			path = "TSD_AutoLayout HW";
			sourceTree = "<group>";
		};
/* End PBXGroup section */

/* Begin PBXNativeTarget section */
		E886AE7328845A7A00DF838B /* TSD_AutoLayout HW */ = {
			isa = PBXNativeTarget;
			buildConfigurationList = E886AE8828845A7C00DF838B /* Build configuration list for PBXNativeTarget "TSD_AutoLayout HW" */;
			buildPhases = (
				E886AE7028845A7A00DF838B /* Sources */,
				E886AE7128845A7A00DF838B /* Frameworks */,
				E886AE7228845A7A00DF838B /* Resources */,
			);
			buildRules = (
			);
			dependencies = (
			);
			name = "TSD_AutoLayout HW";
			productName = "TSD_AutoLayout HW";
			productReference = E886AE7428845A7A00DF838B /* TSD_AutoLayout HW.app */;
			productType = "com.apple.product-type.application";
		};
/* End PBXNativeTarget section */

/* Begin PBXProject section */
		E886AE6C28845A7A00DF838B /* Project object */ = {
			isa = PBXProject;
			attributes = {
				BuildIndependentTargetsInParallel = 1;
				LastSwiftUpdateCheck = 1330;
				LastUpgradeCheck = 1330;
				TargetAttributes = {
					E886AE7328845A7A00DF838B = {
						CreatedOnToolsVersion = 13.3;
					};
				};
			};
			buildConfigurationList = E886AE6F28845A7A00DF838B /* Build configuration list for PBXProject "TSD_AutoLayout HW" */;
			compatibilityVersion = "Xcode 13.0";
			developmentRegion = en;
			hasScannedForEncodings = 0;
			knownRegions = (
				en,
				Base,
			);
			mainGroup = E886AE6B28845A7A00DF838B;
			productRefGroup = E886AE7528845A7A00DF838B /* Products */;
			projectDirPath = "";
			projectRoot = "";
			targets = (
				E886AE7328845A7A00DF838B /* TSD_AutoLayout HW */,
			);
		};
/* End PBXProject section */

/* Begin PBXResourcesBuildPhase section */
		E886AE7228845A7A00DF838B /* Resources */ = {
			isa = PBXResourcesBuildPhase;
			buildActionMask = 2147483647;
			files = (
				E886AE8428845A7C00DF838B /* LaunchScreen.storyboard in Resources */,
				E886AE8128845A7C00DF838B /* Assets.xcassets in Resources */,
				E886AE7F28845A7A00DF838B /* Main.storyboard in Resources */,
			);
			runOnlyForDeploymentPostprocessing = 0;
		};
/* End PBXResourcesBuildPhase section */

/* Begin PBXSourcesBuildPhase section */
		E886AE7028845A7A00DF838B /* Sources */ = {
			isa = PBXSourcesBuildPhase;
			buildActionMask = 2147483647;
			files = (
				E886AE7C28845A7A00DF838B /* MainViewController.swift in Sources */,
				E886AE8C2884696800DF838B /* BaseViewController.swift in Sources */,
				E886AE9028847A3A00DF838B /* NSLayoutAnchorViewController.swift in Sources */,
				E886AE8E28846B6B00DF838B /* NSLayoutConstrainViewController.swift in Sources */,
				E886AE7828845A7A00DF838B /* AppDelegate.swift in Sources */,
				E886AE7A28845A7A00DF838B /* SceneDelegate.swift in Sources */,
			);
			runOnlyForDeploymentPostprocessing = 0;
		};
/* End PBXSourcesBuildPhase section */

/* Begin PBXVariantGroup section */
		E886AE7D28845A7A00DF838B /* Main.storyboard */ = {
			isa = PBXVariantGroup;
			children = (
				E886AE7E28845A7A00DF838B /* Base */,
			);
			name = Main.storyboard;
			sourceTree = "<group>";
		};
		E886AE8228845A7C00DF838B /* LaunchScreen.storyboard */ = {
			isa = PBXVariantGroup;
			children = (
				E886AE8328845A7C00DF838B /* Base */,
			);
			name = LaunchScreen.storyboard;
			sourceTree = "<group>";
		};
/* End PBXVariantGroup section */

/* Begin XCBuildConfiguration section */
		E886AE8628845A7C00DF838B /* Debug */ = {
			isa = XCBuildConfiguration;
			buildSettings = {
				ALWAYS_SEARCH_USER_PATHS = NO;
				CLANG_ANALYZER_NONNULL = YES;
				CLANG_ANALYZER_NUMBER_OBJECT_CONVERSION = YES_AGGRESSIVE;
				CLANG_CXX_LANGUAGE_STANDARD = "gnu++17";
				CLANG_ENABLE_MODULES = YES;
				CLANG_ENABLE_OBJC_ARC = YES;
				CLANG_ENABLE_OBJC_WEAK = YES;
				CLANG_WARN_BLOCK_CAPTURE_AUTORELEASING = YES;
				CLANG_WARN_BOOL_CONVERSION = YES;
				CLANG_WARN_COMMA = YES;
				CLANG_WARN_CONSTANT_CONVERSION = YES;
				CLANG_WARN_DEPRECATED_OBJC_IMPLEMENTATIONS = YES;
				CLANG_WARN_DIRECT_OBJC_ISA_USAGE = YES_ERROR;
				CLANG_WARN_DOCUMENTATION_COMMENTS = YES;
				CLANG_WARN_EMPTY_BODY = YES;
				CLANG_WARN_ENUM_CONVERSION = YES;
				CLANG_WARN_INFINITE_RECURSION = YES;
				CLANG_WARN_INT_CONVERSION = YES;
				CLANG_WARN_NON_LITERAL_NULL_CONVERSION = YES;
				CLANG_WARN_OBJC_IMPLICIT_RETAIN_SELF = YES;
				CLANG_WARN_OBJC_LITERAL_CONVERSION = YES;
				CLANG_WARN_OBJC_ROOT_CLASS = YES_ERROR;
				CLANG_WARN_QUOTED_INCLUDE_IN_FRAMEWORK_HEADER = YES;
				CLANG_WARN_RANGE_LOOP_ANALYSIS = YES;
				CLANG_WARN_STRICT_PROTOTYPES = YES;
				CLANG_WARN_SUSPICIOUS_MOVE = YES;
				CLANG_WARN_UNGUARDED_AVAILABILITY = YES_AGGRESSIVE;
				CLANG_WARN_UNREACHABLE_CODE = YES;
				CLANG_WARN__DUPLICATE_METHOD_MATCH = YES;
				COPY_PHASE_STRIP = NO;
				DEBUG_INFORMATION_FORMAT = dwarf;
				ENABLE_STRICT_OBJC_MSGSEND = YES;
				ENABLE_TESTABILITY = YES;
				GCC_C_LANGUAGE_STANDARD = gnu11;
				GCC_DYNAMIC_NO_PIC = NO;
				GCC_NO_COMMON_BLOCKS = YES;
				GCC_OPTIMIZATION_LEVEL = 0;
				GCC_PREPROCESSOR_DEFINITIONS = (
					"DEBUG=1",
					"$(inherited)",
				);
				GCC_WARN_64_TO_32_BIT_CONVERSION = YES;
				GCC_WARN_ABOUT_RETURN_TYPE = YES_ERROR;
				GCC_WARN_UNDECLARED_SELECTOR = YES;
				GCC_WARN_UNINITIALIZED_AUTOS = YES_AGGRESSIVE;
				GCC_WARN_UNUSED_FUNCTION = YES;
				GCC_WARN_UNUSED_VARIABLE = YES;
				IPHONEOS_DEPLOYMENT_TARGET = 15.4;
				MTL_ENABLE_DEBUG_INFO = INCLUDE_SOURCE;
				MTL_FAST_MATH = YES;
				ONLY_ACTIVE_ARCH = YES;
				SDKROOT = iphoneos;
				SWIFT_ACTIVE_COMPILATION_CONDITIONS = DEBUG;
				SWIFT_OPTIMIZATION_LEVEL = "-Onone";
			};
			name = Debug;
		};
		E886AE8728845A7C00DF838B /* Release */ = {
			isa = XCBuildConfiguration;
			buildSettings = {
				ALWAYS_SEARCH_USER_PATHS = NO;
				CLANG_ANALYZER_NONNULL = YES;
				CLANG_ANALYZER_NUMBER_OBJECT_CONVERSION = YES_AGGRESSIVE;
				CLANG_CXX_LANGUAGE_STANDARD = "gnu++17";
				CLANG_ENABLE_MODULES = YES;
				CLANG_ENABLE_OBJC_ARC = YES;
				CLANG_ENABLE_OBJC_WEAK = YES;
				CLANG_WARN_BLOCK_CAPTURE_AUTORELEASING = YES;
				CLANG_WARN_BOOL_CONVERSION = YES;
				CLANG_WARN_COMMA = YES;
				CLANG_WARN_CONSTANT_CONVERSION = YES;
				CLANG_WARN_DEPRECATED_OBJC_IMPLEMENTATIONS = YES;
				CLANG_WARN_DIRECT_OBJC_ISA_USAGE = YES_ERROR;
				CLANG_WARN_DOCUMENTATION_COMMENTS = YES;
				CLANG_WARN_EMPTY_BODY = YES;
				CLANG_WARN_ENUM_CONVERSION = YES;
				CLANG_WARN_INFINITE_RECURSION = YES;
				CLANG_WARN_INT_CONVERSION = YES;
				CLANG_WARN_NON_LITERAL_NULL_CONVERSION = YES;
				CLANG_WARN_OBJC_IMPLICIT_RETAIN_SELF = YES;
				CLANG_WARN_OBJC_LITERAL_CONVERSION = YES;
				CLANG_WARN_OBJC_ROOT_CLASS = YES_ERROR;
				CLANG_WARN_QUOTED_INCLUDE_IN_FRAMEWORK_HEADER = YES;
				CLANG_WARN_RANGE_LOOP_ANALYSIS = YES;
				CLANG_WARN_STRICT_PROTOTYPES = YES;
				CLANG_WARN_SUSPICIOUS_MOVE = YES;
				CLANG_WARN_UNGUARDED_AVAILABILITY = YES_AGGRESSIVE;
				CLANG_WARN_UNREACHABLE_CODE = YES;
				CLANG_WARN__DUPLICATE_METHOD_MATCH = YES;
				COPY_PHASE_STRIP = NO;
				DEBUG_INFORMATION_FORMAT = "dwarf-with-dsym";
				ENABLE_NS_ASSERTIONS = NO;
				ENABLE_STRICT_OBJC_MSGSEND = YES;
				GCC_C_LANGUAGE_STANDARD = gnu11;
				GCC_NO_COMMON_BLOCKS = YES;
				GCC_WARN_64_TO_32_BIT_CONVERSION = YES;
				GCC_WARN_ABOUT_RETURN_TYPE = YES_ERROR;
				GCC_WARN_UNDECLARED_SELECTOR = YES;
				GCC_WARN_UNINITIALIZED_AUTOS = YES_AGGRESSIVE;
				GCC_WARN_UNUSED_FUNCTION = YES;
				GCC_WARN_UNUSED_VARIABLE = YES;
				IPHONEOS_DEPLOYMENT_TARGET = 15.4;
				MTL_ENABLE_DEBUG_INFO = NO;
				MTL_FAST_MATH = YES;
				SDKROOT = iphoneos;
				SWIFT_COMPILATION_MODE = wholemodule;
				SWIFT_OPTIMIZATION_LEVEL = "-O";
				VALIDATE_PRODUCT = YES;
			};
			name = Release;
		};
		E886AE8928845A7C00DF838B /* Debug */ = {
			isa = XCBuildConfiguration;
			buildSettings = {
				ASSETCATALOG_COMPILER_APPICON_NAME = AppIcon;
				ASSETCATALOG_COMPILER_GLOBAL_ACCENT_COLOR_NAME = AccentColor;
				CODE_SIGN_STYLE = Automatic;
				CURRENT_PROJECT_VERSION = 1;
				GENERATE_INFOPLIST_FILE = YES;
				INFOPLIST_FILE = "TSD_AutoLayout HW/Info.plist";
				INFOPLIST_KEY_UIApplicationSupportsIndirectInputEvents = YES;
				INFOPLIST_KEY_UILaunchStoryboardName = LaunchScreen;
				INFOPLIST_KEY_UIMainStoryboardFile = Main;
				INFOPLIST_KEY_UISupportedInterfaceOrientations_iPad = "UIInterfaceOrientationPortrait UIInterfaceOrientationPortraitUpsideDown UIInterfaceOrientationLandscapeLeft UIInterfaceOrientationLandscapeRight";
				INFOPLIST_KEY_UISupportedInterfaceOrientations_iPhone = "UIInterfaceOrientationPortrait UIInterfaceOrientationLandscapeLeft UIInterfaceOrientationLandscapeRight";
				LD_RUNPATH_SEARCH_PATHS = (
					"$(inherited)",
					"@executable_path/Frameworks",
				);
				MARKETING_VERSION = 1.0;
				PRODUCT_BUNDLE_IDENTIFIER = "Anton.TSD-AutoLayout-HW";
				PRODUCT_NAME = "$(TARGET_NAME)";
				SWIFT_EMIT_LOC_STRINGS = YES;
				SWIFT_VERSION = 5.0;
				TARGETED_DEVICE_FAMILY = "1,2";
			};
			name = Debug;
		};
		E886AE8A28845A7C00DF838B /* Release */ = {
			isa = XCBuildConfiguration;
			buildSettings = {
				ASSETCATALOG_COMPILER_APPICON_NAME = AppIcon;
				ASSETCATALOG_COMPILER_GLOBAL_ACCENT_COLOR_NAME = AccentColor;
				CODE_SIGN_STYLE = Automatic;
				CURRENT_PROJECT_VERSION = 1;
				GENERATE_INFOPLIST_FILE = YES;
				INFOPLIST_FILE = "TSD_AutoLayout HW/Info.plist";
				INFOPLIST_KEY_UIApplicationSupportsIndirectInputEvents = YES;
				INFOPLIST_KEY_UILaunchStoryboardName = LaunchScreen;
				INFOPLIST_KEY_UIMainStoryboardFile = Main;
				INFOPLIST_KEY_UISupportedInterfaceOrientations_iPad = "UIInterfaceOrientationPortrait UIInterfaceOrientationPortraitUpsideDown UIInterfaceOrientationLandscapeLeft UIInterfaceOrientationLandscapeRight";
				INFOPLIST_KEY_UISupportedInterfaceOrientations_iPhone = "UIInterfaceOrientationPortrait UIInterfaceOrientationLandscapeLeft UIInterfaceOrientationLandscapeRight";
				LD_RUNPATH_SEARCH_PATHS = (
					"$(inherited)",
					"@executable_path/Frameworks",
				);
				MARKETING_VERSION = 1.0;
				PRODUCT_BUNDLE_IDENTIFIER = "Anton.TSD-AutoLayout-HW";
				PRODUCT_NAME = "$(TARGET_NAME)";
				SWIFT_EMIT_LOC_STRINGS = YES;
				SWIFT_VERSION = 5.0;
				TARGETED_DEVICE_FAMILY = "1,2";
			};
			name = Release;
		};
/* End XCBuildConfiguration section */

/* Begin XCConfigurationList section */
		E886AE6F28845A7A00DF838B /* Build configuration list for PBXProject "TSD_AutoLayout HW" */ = {
			isa = XCConfigurationList;
			buildConfigurations = (
				E886AE8628845A7C00DF838B /* Debug */,
				E886AE8728845A7C00DF838B /* Release */,
			);
			defaultConfigurationIsVisible = 0;
			defaultConfigurationName = Release;
		};
		E886AE8828845A7C00DF838B /* Build configuration list for PBXNativeTarget "TSD_AutoLayout HW" */ = {
			isa = XCConfigurationList;
			buildConfigurations = (
				E886AE8928845A7C00DF838B /* Debug */,
				E886AE8A28845A7C00DF838B /* Release */,
			);
			defaultConfigurationIsVisible = 0;
			defaultConfigurationName = Release;
		};
/* End XCConfigurationList section */
	};
	rootObject = E886AE6C28845A7A00DF838B /* Project object */;
}
